
Microsoft Visual Studio Solution File, Format Version 12.00
# Visual Studio Version 16
VisualStudioVersion = 16.0.35325.158
MinimumVisualStudioVersion = 10.0.40219.1
Project("{FAE04EC0-301F-11D3-BF4B-00C04F79EFBC}") = "EventHubPublisher", "EventHubPublisher\EventHubPublisher.csproj", "{89BA57F0-5BC4-41A2-96D6-348EEF155324}"
EndProject
Project("{FAE04EC0-301F-11D3-BF4B-00C04F79EFBC}") = "EventHubSubscriber", "EventHubSubscriber\EventHubSubscriber.csproj", "{27ACE871-106B-44CD-A835-D74D072003B7}"
EndProject
Global
	GlobalSection(SolutionConfigurationPlatforms) = preSolution
		Debug|Any CPU = Debug|Any CPU
		Release|Any CPU = Release|Any CPU
	EndGlobalSection
	GlobalSection(ProjectConfigurationPlatforms) = postSolution
		{89BA57F0-5BC4-41A2-96D6-348EEF155324}.Debug|Any CPU.ActiveCfg = Debug|Any CPU
		{89BA57F0-5BC4-41A2-96D6-348EEF155324}.Debug|Any CPU.Build.0 = Debug|Any CPU
		{89BA57F0-5BC4-41A2-96D6-348EEF155324}.Release|Any CPU.ActiveCfg = Release|Any CPU
		{89BA57F0-5BC4-41A2-96D6-348EEF155324}.Release|Any CPU.Build.0 = Release|Any CPU
		{27ACE871-106B-44CD-A835-D74D072003B7}.Debug|Any CPU.ActiveCfg = Debug|Any CPU
		{27ACE871-106B-44CD-A835-D74D072003B7}.Debug|Any CPU.Build.0 = Debug|Any CPU
		{27ACE871-106B-44CD-A835-D74D072003B7}.Release|Any CPU.ActiveCfg = Release|Any CPU
		{27ACE871-106B-44CD-A835-D74D072003B7}.Release|Any CPU.Build.0 = Release|Any CPU
	EndGlobalSection
	GlobalSection(SolutionProperties) = preSolution
		HideSolutionNode = FALSE
	EndGlobalSection
	GlobalSection(ExtensibilityGlobals) = postSolution
		SolutionGuid = {50E132CB-CEDC-4B25-985F-E873D0E5885F}
	EndGlobalSection
EndGlobal
